
Microsoft Visual Studio Solution File, Format Version 12.00
# Visual Studio Version 16
VisualStudioVersion = 16.0.30907.101
MinimumVisualStudioVersion = 10.0.40219.1
Project("{FAE04EC0-301F-11D3-BF4B-00C04F79EFBC}") = "My_First_project", "My_First_project.csproj", "{4E37DE3C-E5F3-4404-9ED1-BC322F2A1838}"
EndProject
Global
	GlobalSection(SolutionConfigurationPlatforms) = preSolution
		Debug|Any CPU = Debug|Any CPU
		Release|Any CPU = Release|Any CPU
	EndGlobalSection
	GlobalSection(ProjectConfigurationPlatforms) = postSolution
		{4E37DE3C-E5F3-4404-9ED1-BC322F2A1838}.Debug|Any CPU.ActiveCfg = Debug|Any CPU
		{4E37DE3C-E5F3-4404-9ED1-BC322F2A1838}.Debug|Any CPU.Build.0 = Debug|Any CPU
		{4E37DE3C-E5F3-4404-9ED1-BC322F2A1838}.Release|Any CPU.ActiveCfg = Release|Any CPU
		{4E37DE3C-E5F3-4404-9ED1-BC322F2A1838}.Release|Any CPU.Build.0 = Release|Any CPU
	EndGlobalSection
	GlobalSection(SolutionProperties) = preSolution
		HideSolutionNode = FALSE
	EndGlobalSection
	GlobalSection(ExtensibilityGlobals) = postSolution
		SolutionGuid = {427A97F3-04A5-4458-94CA-BD94CECC1D6F}
	EndGlobalSection
EndGlobal
